
Microsoft Visual Studio Solution File, Format Version 12.00
# Visual Studio Version 17
VisualStudioVersion = 17.4.33213.308
MinimumVisualStudioVersion = 10.0.40219.1
Project("{FAE04EC0-301F-11D3-BF4B-00C04F79EFBC}") = "HttpUtility", "HttpUtility\HttpUtility.csproj", "{EE23C3B5-A7FF-4BAF-8422-CAD249B49C70}"
EndProject
Global
	GlobalSection(SolutionConfigurationPlatforms) = preSolution
		Debug|Any CPU = Debug|Any CPU
		Release|Any CPU = Release|Any CPU
	EndGlobalSection
	GlobalSection(ProjectConfigurationPlatforms) = postSolution
		{EE23C3B5-A7FF-4BAF-8422-CAD249B49C70}.Debug|Any CPU.ActiveCfg = Debug|Any CPU
		{EE23C3B5-A7FF-4BAF-8422-CAD249B49C70}.Debug|Any CPU.Build.0 = Debug|Any CPU
		{EE23C3B5-A7FF-4BAF-8422-CAD249B49C70}.Release|Any CPU.ActiveCfg = Release|Any CPU
		{EE23C3B5-A7FF-4BAF-8422-CAD249B49C70}.Release|Any CPU.Build.0 = Release|Any CPU
	EndGlobalSection
	GlobalSection(SolutionProperties) = preSolution
		HideSolutionNode = FALSE
	EndGlobalSection
	GlobalSection(ExtensibilityGlobals) = postSolution
		SolutionGuid = {754D9D98-6D0B-4EE6-9A18-64F398B4F090}
	EndGlobalSection
EndGlobal
